# This file was autogenerated by Stack.
# You should not edit this file by hand.
# For more information, please see the documentation at:
#   https://docs.haskellstack.org/en/stable/lock_files

packages:
- completed:
    cabal-file:
      size: 1733
      sha256: 6af3ad98035c567e422849376acb55071c61f850159b8451da85eb0bf7e90ce6
    name: pdeprelude
    version: 0.1.0.0
    git: https://github.com/10Pines/pdepreludat.git
    pantry-tree:
      size: 1508
      sha256: cd2fa08c44cea47443591b131b7ba6b0fe02f191b2cd95a8b840fe692ce369ce
    commit: 0db5d6a290e1a253b05011363c1f951cdd4c63bc
  original:
    git: https://github.com/10Pines/pdepreludat.git
    commit: 0db5d6a290e1a253b05011363c1f951cdd4c63bc
snapshots:
- completed:
    size: 495203
    url: https://raw.githubusercontent.com/commercialhaskell/stackage-snapshots/master/lts/13/8.yaml
    sha256: 91139b0de6b320b13e27d5e6e6c368e239974b06fb9dc86d8d96da08697972ac
  original: lts-13.8
